
Microsoft Visual Studio Solution File, Format Version 12.00
# Visual Studio 2012
Project("{FAE04EC0-301F-11D3-BF4B-00C04F79EFBC}") = "Mwm.UI", "Mwm.UI\Mwm.UI.csproj", "{3D0081B4-315D-440A-944B-D4185C5290D3}"
EndProject
Project("{FAE04EC0-301F-11D3-BF4B-00C04F79EFBC}") = "Mwm.AspNetCore", "Mwm.AspNetCore\Mwm.AspNetCore.csproj", "{B58E2F2A-916F-4B63-9E08-D045652FF42E}"
EndProject
Project("{2150E333-8FDC-42A3-9474-1A3956D46DE8}") = "Libraries", "Libraries", "{94918790-A3DC-4E0B-8613-5DA6A837F657}"
EndProject
Project("{FAE04EC0-301F-11D3-BF4B-00C04F79EFBC}") = "Mwm.UI.Html", "Mwm.UI.Html\Mwm.UI.Html.csproj", "{DF660B42-0B38-4E05-ACBA-871E327720A6}"
EndProject
Project("{2150E333-8FDC-42A3-9474-1A3956D46DE8}") = "Samples", "Samples", "{A2CC73AD-E0BF-4EBB-961C-15D02F5DFF91}"
EndProject
Project("{FAE04EC0-301F-11D3-BF4B-00C04F79EFBC}") = "Mwm.Sample", "Mwm.Sample\Mwm.Sample.csproj", "{EE607C19-108B-4C58-ADE2-D0CE0C0DFC75}"
EndProject
Project("{FAE04EC0-301F-11D3-BF4B-00C04F79EFBC}") = "Mwm.Sample.ViewModels", "Mwm.Sample.ViewModels\Mwm.Sample.ViewModels.csproj", "{EB1F0773-3CFD-44FE-868F-6A9814BF3A07}"
EndProject
Project("{2150E333-8FDC-42A3-9474-1A3956D46DE8}") = "Tools", "Tools", "{7256C80B-3607-40FB-A574-53E551BA9C59}"
EndProject
Project("{FAE04EC0-301F-11D3-BF4B-00C04F79EFBC}") = "Mwm.UI.Xaml.Build", "Mwm.UI.Xaml.Build\Mwm.UI.Xaml.Build.csproj", "{E2E5F933-33C2-478B-82C3-4653063AE510}"
EndProject
Global
	GlobalSection(SolutionConfigurationPlatforms) = preSolution
		Debug|Any CPU = Debug|Any CPU
		Release|Any CPU = Release|Any CPU
	EndGlobalSection
	GlobalSection(ProjectConfigurationPlatforms) = postSolution
		{3D0081B4-315D-440A-944B-D4185C5290D3}.Debug|Any CPU.ActiveCfg = Debug|Any CPU
		{3D0081B4-315D-440A-944B-D4185C5290D3}.Debug|Any CPU.Build.0 = Debug|Any CPU
		{3D0081B4-315D-440A-944B-D4185C5290D3}.Release|Any CPU.ActiveCfg = Release|Any CPU
		{3D0081B4-315D-440A-944B-D4185C5290D3}.Release|Any CPU.Build.0 = Release|Any CPU
		{B58E2F2A-916F-4B63-9E08-D045652FF42E}.Debug|Any CPU.ActiveCfg = Debug|Any CPU
		{B58E2F2A-916F-4B63-9E08-D045652FF42E}.Debug|Any CPU.Build.0 = Debug|Any CPU
		{B58E2F2A-916F-4B63-9E08-D045652FF42E}.Release|Any CPU.ActiveCfg = Release|Any CPU
		{B58E2F2A-916F-4B63-9E08-D045652FF42E}.Release|Any CPU.Build.0 = Release|Any CPU
		{DF660B42-0B38-4E05-ACBA-871E327720A6}.Debug|Any CPU.ActiveCfg = Debug|Any CPU
		{DF660B42-0B38-4E05-ACBA-871E327720A6}.Debug|Any CPU.Build.0 = Debug|Any CPU
		{DF660B42-0B38-4E05-ACBA-871E327720A6}.Release|Any CPU.ActiveCfg = Release|Any CPU
		{DF660B42-0B38-4E05-ACBA-871E327720A6}.Release|Any CPU.Build.0 = Release|Any CPU
		{EE607C19-108B-4C58-ADE2-D0CE0C0DFC75}.Debug|Any CPU.ActiveCfg = Debug|Any CPU
		{EE607C19-108B-4C58-ADE2-D0CE0C0DFC75}.Debug|Any CPU.Build.0 = Debug|Any CPU
		{EE607C19-108B-4C58-ADE2-D0CE0C0DFC75}.Release|Any CPU.ActiveCfg = Release|Any CPU
		{EE607C19-108B-4C58-ADE2-D0CE0C0DFC75}.Release|Any CPU.Build.0 = Release|Any CPU
		{EB1F0773-3CFD-44FE-868F-6A9814BF3A07}.Debug|Any CPU.ActiveCfg = Debug|Any CPU
		{EB1F0773-3CFD-44FE-868F-6A9814BF3A07}.Debug|Any CPU.Build.0 = Debug|Any CPU
		{EB1F0773-3CFD-44FE-868F-6A9814BF3A07}.Release|Any CPU.ActiveCfg = Release|Any CPU
		{EB1F0773-3CFD-44FE-868F-6A9814BF3A07}.Release|Any CPU.Build.0 = Release|Any CPU
		{E2E5F933-33C2-478B-82C3-4653063AE510}.Debug|Any CPU.ActiveCfg = Debug|Any CPU
		{E2E5F933-33C2-478B-82C3-4653063AE510}.Debug|Any CPU.Build.0 = Debug|Any CPU
		{E2E5F933-33C2-478B-82C3-4653063AE510}.Release|Any CPU.ActiveCfg = Release|Any CPU
		{E2E5F933-33C2-478B-82C3-4653063AE510}.Release|Any CPU.Build.0 = Release|Any CPU
	EndGlobalSection
	GlobalSection(NestedProjects) = preSolution
		{B58E2F2A-916F-4B63-9E08-D045652FF42E} = {94918790-A3DC-4E0B-8613-5DA6A837F657}
		{3D0081B4-315D-440A-944B-D4185C5290D3} = {94918790-A3DC-4E0B-8613-5DA6A837F657}
		{DF660B42-0B38-4E05-ACBA-871E327720A6} = {94918790-A3DC-4E0B-8613-5DA6A837F657}
		{EE607C19-108B-4C58-ADE2-D0CE0C0DFC75} = {A2CC73AD-E0BF-4EBB-961C-15D02F5DFF91}
		{EB1F0773-3CFD-44FE-868F-6A9814BF3A07} = {A2CC73AD-E0BF-4EBB-961C-15D02F5DFF91}
		{E2E5F933-33C2-478B-82C3-4653063AE510} = {7256C80B-3607-40FB-A574-53E551BA9C59}
	EndGlobalSection
EndGlobal
